# This file is automatically @generated by Cargo.
# It is not intended for manual editing.
version = 3

[[package]]
name = "mcv-core"
version = "0.1.0"
dependencies = [
 "mcv-crypto",
 "mcv-format",
 "mcv-shamir",
]

[[package]]
name = "mcv-crypto"
version = "0.1.0"

[[package]]
name = "mcv-format"
version = "0.1.0"

[[package]]
name = "mcv-shamir"
version = "0.1.0"

[[package]]
name = "mcv-uniffi"
version = "0.1.0"
dependencies = [
 "mcv-core",
]
